Microsoft Visual Studio Solution File, Format Version 12.00
# Visual Studio Version 17
VisualStudioVersion = 17.10.35027.167
MinimumVisualStudioVersion = 10.0.40219.1
Project("{9A19103F-16F7-4668-BE54-9A1E7A4F7556}") = "Core.Observability.SampleApp", "Core.Observability.SampleApp\Core.Observability.SampleApp.csproj", "{CA43754B-4AE8-4891-A5D4-3F6CC58192A3}"
EndProject
Project("{FAE04EC0-301F-11D3-BF4B-00C04F79EFBC}") = "Core.Observability", "Core.Observability\Core.Observability.csproj", "{58D619A8-BCEB-4C0B-8F23-2F5F6B39A831}"
EndProject
Global
	GlobalSection(SolutionConfigurationPlatforms) = preSolution
		Debug|Any CPU = Debug|Any CPU
		Release|Any CPU = Release|Any CPU
	EndGlobalSection
	GlobalSection(ProjectConfigurationPlatforms) = postSolution
		{CA43754B-4AE8-4891-A5D4-3F6CC58192A3}.Debug|Any CPU.ActiveCfg = Debug|Any CPU
		{CA43754B-4AE8-4891-A5D4-3F6CC58192A3}.Debug|Any CPU.Build.0 = Debug|Any CPU
		{CA43754B-4AE8-4891-A5D4-3F6CC58192A3}.Release|Any CPU.ActiveCfg = Release|Any CPU
		{CA43754B-4AE8-4891-A5D4-3F6CC58192A3}.Release|Any CPU.Build.0 = Release|Any CPU
		{58D619A8-BCEB-4C0B-8F23-2F5F6B39A831}.Debug|Any CPU.ActiveCfg = Debug|Any CPU
		{58D619A8-BCEB-4C0B-8F23-2F5F6B39A831}.Debug|Any CPU.Build.0 = Debug|Any CPU
		{58D619A8-BCEB-4C0B-8F23-2F5F6B39A831}.Release|Any CPU.ActiveCfg = Release|Any CPU
		{58D619A8-BCEB-4C0B-8F23-2F5F6B39A831}.Release|Any CPU.Build.0 = Release|Any CPU
	EndGlobalSection
	GlobalSection(SolutionProperties) = preSolution
		HideSolutionNode = FALSE
	EndGlobalSection
	GlobalSection(ExtensibilityGlobals) = postSolution
		SolutionGuid = {6D86F52D-3BE9-4113-96A7-58ABF7F5D671}
	EndGlobalSection
EndGlobal
